
Microsoft Visual Studio Solution File, Format Version 12.00
# Visual Studio Version 16
VisualStudioVersion = 16.0.31729.503
MinimumVisualStudioVersion = 10.0.40219.1
Project("{9A19103F-16F7-4668-BE54-9A1E7A4F7556}") = "VuelosCliente", "VuelosCliente\VuelosCliente.csproj", "{9CBA7AF6-F8A6-4D51-958C-6819E9AD1C84}"
EndProject
Global
	GlobalSection(SolutionConfigurationPlatforms) = preSolution
		Debug|Any CPU = Debug|Any CPU
		Release|Any CPU = Release|Any CPU
	EndGlobalSection
	GlobalSection(ProjectConfigurationPlatforms) = postSolution
		{9CBA7AF6-F8A6-4D51-958C-6819E9AD1C84}.Debug|Any CPU.ActiveCfg = Debug|Any CPU
		{9CBA7AF6-F8A6-4D51-958C-6819E9AD1C84}.Debug|Any CPU.Build.0 = Debug|Any CPU
		{9CBA7AF6-F8A6-4D51-958C-6819E9AD1C84}.Release|Any CPU.ActiveCfg = Release|Any CPU
		{9CBA7AF6-F8A6-4D51-958C-6819E9AD1C84}.Release|Any CPU.Build.0 = Release|Any CPU
	EndGlobalSection
	GlobalSection(SolutionProperties) = preSolution
		HideSolutionNode = FALSE
	EndGlobalSection
	GlobalSection(ExtensibilityGlobals) = postSolution
		SolutionGuid = {537A7F8D-12AE-4730-A28A-CB9AE030DFC9}
	EndGlobalSection
EndGlobal
